
Microsoft Visual Studio Solution File, Format Version 12.00
# Visual Studio 2012
Project("{FAE04EC0-301F-11D3-BF4B-00C04F79EFBC}") = "KX.Core", "third-party\kx\KX.Core\KX.Core.csproj", "{0B19D081-A8E1-49C5-B209-AC71BE94CDBF}"
EndProject
Project("{FAE04EC0-301F-11D3-BF4B-00C04F79EFBC}") = "KX.Android", "third-party\kx\KX.Android\KX.Android.csproj", "{59FCA9B5-AE51-4029-AAD5-8385E5C173FB}"
EndProject
Project("{FAE04EC0-301F-11D3-BF4B-00C04F79EFBC}") = "Sample.Core", "Sample.Core\Sample.Core.csproj", "{7932C2E0-37C5-407C-823C-E03236F46A75}"
EndProject
Project("{FAE04EC0-301F-11D3-BF4B-00C04F79EFBC}") = "Sample.Android", "Sample.Android\Sample.Android.csproj", "{40C06D8E-49C6-4B33-99BF-11204705CDB4}"
EndProject
Global
	GlobalSection(SolutionConfigurationPlatforms) = preSolution
		Debug|Any CPU = Debug|Any CPU
		Release|Any CPU = Release|Any CPU
	EndGlobalSection
	GlobalSection(ProjectConfigurationPlatforms) = postSolution
		{0B19D081-A8E1-49C5-B209-AC71BE94CDBF}.Debug|Any CPU.ActiveCfg = Debug|Any CPU
		{0B19D081-A8E1-49C5-B209-AC71BE94CDBF}.Debug|Any CPU.Build.0 = Debug|Any CPU
		{0B19D081-A8E1-49C5-B209-AC71BE94CDBF}.Release|Any CPU.ActiveCfg = Release|Any CPU
		{0B19D081-A8E1-49C5-B209-AC71BE94CDBF}.Release|Any CPU.Build.0 = Release|Any CPU
		{59FCA9B5-AE51-4029-AAD5-8385E5C173FB}.Debug|Any CPU.ActiveCfg = Debug|Any CPU
		{59FCA9B5-AE51-4029-AAD5-8385E5C173FB}.Debug|Any CPU.Build.0 = Debug|Any CPU
		{59FCA9B5-AE51-4029-AAD5-8385E5C173FB}.Release|Any CPU.ActiveCfg = Release|Any CPU
		{59FCA9B5-AE51-4029-AAD5-8385E5C173FB}.Release|Any CPU.Build.0 = Release|Any CPU
		{7932C2E0-37C5-407C-823C-E03236F46A75}.Debug|Any CPU.ActiveCfg = Debug|Any CPU
		{7932C2E0-37C5-407C-823C-E03236F46A75}.Debug|Any CPU.Build.0 = Debug|Any CPU
		{7932C2E0-37C5-407C-823C-E03236F46A75}.Release|Any CPU.ActiveCfg = Release|Any CPU
		{7932C2E0-37C5-407C-823C-E03236F46A75}.Release|Any CPU.Build.0 = Release|Any CPU
		{40C06D8E-49C6-4B33-99BF-11204705CDB4}.Debug|Any CPU.ActiveCfg = Debug|Any CPU
		{40C06D8E-49C6-4B33-99BF-11204705CDB4}.Debug|Any CPU.Build.0 = Debug|Any CPU
		{40C06D8E-49C6-4B33-99BF-11204705CDB4}.Debug|Any CPU.Deploy.0 = Debug|Any CPU
		{40C06D8E-49C6-4B33-99BF-11204705CDB4}.Release|Any CPU.ActiveCfg = Release|Any CPU
		{40C06D8E-49C6-4B33-99BF-11204705CDB4}.Release|Any CPU.Build.0 = Release|Any CPU
		{40C06D8E-49C6-4B33-99BF-11204705CDB4}.Release|Any CPU.Deploy.0 = Release|Any CPU
	EndGlobalSection
	GlobalSection(SolutionProperties) = preSolution
		HideSolutionNode = FALSE
	EndGlobalSection
EndGlobal
